<Solution>
  <Folder Name="/src/">
    <Project Path="src/RustPlusHelper.Application/RustPlusHelper.Application.csproj" />
    <Project Path="src/RustPlusHelper.Desktop/RustPlusHelper.Desktop.csproj" />
    <Project Path="src/RustPlusHelper.Infrastructure.RustPlus/RustPlusHelper.Infrastructure.RustPlus.csproj" />
    <Project Path="src/RustPlusHelper.Infrastructure.Map/RustPlusHelper.Infrastructure.Map.csproj" />
    <Project Path="src/RustPlusHelper.Infrastructure.Storage/RustPlusHelper.Infrastructure.Storage.csproj" />
    <Project Path="src/RustPlusHelper.Verification/RustPlusHelper.Verification.csproj" />
  </Folder>
  <Folder Name="/tests/">
    <Project Path="tests/RustPlusHelper.Desktop.Tests/RustPlusHelper.Desktop.Tests.csproj" />
    <Project Path="tests/RustPlusHelper.Tests/RustPlusHelper.Tests.csproj" />
    <Project Path="tests/RustPlusHelper.Infrastructure.Storage.Tests/RustPlusHelper.Infrastructure.Storage.Tests.csproj" />
    <Project Path="tests/RustPlusHelper.Infrastructure.Map.Tests/RustPlusHelper.Infrastructure.Map.Tests.csproj" />
  </Folder>
</Solution>
